// !$*UTF8*$!
{
	archiveVersion = 1;
	classes = {
	};
	objectVersion = 46;
	objects = {

/* Begin PBXBuildFile section */
		1BAB1EDF1C60DCA800F450F1 /* AppDelegate.swift in Sources */ = {isa = PBXBuildFile; fileRef = 1BAB1EDE1C60DCA800F450F1 /* AppDelegate.swift */; };
		1BAB1EE11C60DCA800F450F1 /* ViewController.swift in Sources */ = {isa = PBXBuildFile; fileRef = 1BAB1EE01C60DCA800F450F1 /* ViewController.swift */; };
		1BAB1EE41C60DCA800F450F1 /* Main.storyboard in Resources */ = {isa = PBXBuildFile; fileRef = 1BAB1EE21C60DCA800F450F1 /* Main.storyboard */; };
		1BAB1EE61C60DCA800F450F1 /* Assets.xcassets in Resources */ = {isa = PBXBuildFile; fileRef = 1BAB1EE51C60DCA800F450F1 /* Assets.xcassets */; };
		1BAB1EE91C60DCA800F450F1 /* LaunchScreen.storyboard in Resources */ = {isa = PBXBuildFile; fileRef = 1BAB1EE71C60DCA800F450F1 /* LaunchScreen.storyboard */; };
		1BAB1EF11C60DEA000F450F1 /* preedit_grid.jpg in Resources */ = {isa = PBXBuildFile; fileRef = 1BAB1EF01C60DEA000F450F1 /* preedit_grid.jpg */; };
		1BD394711C62D992006AD85F /* cross.png in Resources */ = {isa = PBXBuildFile; fileRef = 1BD3946F1C62D992006AD85F /* cross.png */; };
		1BD394721C62D992006AD85F /* nought.png in Resources */ = {isa = PBXBuildFile; fileRef = 1BD394701C62D992006AD85F /* nought.png */; };
		1BE9651C1C67BDCC00517DAD /* win.png in Resources */ = {isa = PBXBuildFile; fileRef = 1BE9651B1C67BDCB00517DAD /* win.png */; };
		1BE965211C67BF7800517DAD /* win 2.png in Resources */ = {isa = PBXBuildFile; fileRef = 1BE9651D1C67BF7800517DAD /* win 2.png */; };
		1BE965221C67BF7800517DAD /* win3.png in Resources */ = {isa = PBXBuildFile; fileRef = 1BE9651E1C67BF7800517DAD /* win3.png */; };
		1BE965231C67BF7800517DAD /* win4.png in Resources */ = {isa = PBXBuildFile; fileRef = 1BE9651F1C67BF7800517DAD /* win4.png */; };
		1BE965241C67BF7800517DAD /* win5.png in Resources */ = {isa = PBXBuildFile; fileRef = 1BE965201C67BF7800517DAD /* win5.png */; };
/* End PBXBuildFile section */

/* Begin PBXFileReference section */
		1BAB1EDB1C60DCA700F450F1 /* Tic Tac Toe.app */ = {isa = PBXFileReference; explicitFileType = wrapper.application; includeInIndex = 0; path = "Tic Tac Toe.app"; sourceTree = BUILT_PRODUCTS_DIR; };
		1BAB1EDE1C60DCA800F450F1 /* AppDelegate.swift */ = {isa = PBXFileReference; lastKnownFileType = sourcecode.swift; path = AppDelegate.swift; sourceTree = "<group>"; };
		1BAB1EE01C60DCA800F450F1 /* ViewController.swift */ = {isa = PBXFileReference; lastKnownFileType = sourcecode.swift; path = ViewController.swift; sourceTree = "<group>"; };
		1BAB1EE31C60DCA800F450F1 /* Base */ = {isa = PBXFileReference; lastKnownFileType = file.storyboard; name = Base; path = Base.lproj/Main.storyboard; sourceTree = "<group>"; };
		1BAB1EE51C60DCA800F450F1 /* Assets.xcassets */ = {isa = PBXFileReference; lastKnownFileType = folder.assetcatalog; path = Assets.xcassets; sourceTree = "<group>"; };
		1BAB1EE81C60DCA800F450F1 /* Base */ = {isa = PBXFileReference; lastKnownFileType = file.storyboard; name = Base; path = Base.lproj/LaunchScreen.storyboard; sourceTree = "<group>"; };
		1BAB1EEA1C60DCA800F450F1 /* Info.plist */ = {isa = PBXFileReference; lastKnownFileType = text.plist.xml; path = Info.plist; sourceTree = "<group>"; };
		1BAB1EF01C60DEA000F450F1 /* preedit_grid.jpg */ = {isa = PBXFileReference; lastKnownFileType = image.jpeg; path = preedit_grid.jpg; sourceTree = "<group>"; };
		1BD3946F1C62D992006AD85F /* cross.png */ = {isa = PBXFileReference; lastKnownFileType = image.png; path = cross.png; sourceTree = "<group>"; };
		1BD394701C62D992006AD85F /* nought.png */ = {isa = PBXFileReference; lastKnownFileType = image.png; path = nought.png; sourceTree = "<group>"; };
		1BE9651B1C67BDCB00517DAD /* win.png */ = {isa = PBXFileReference; lastKnownFileType = image.png; path = win.png; sourceTree = "<group>"; };
		1BE9651D1C67BF7800517DAD /* win 2.png */ = {isa = PBXFileReference; lastKnownFileType = image.png; path = "win 2.png"; sourceTree = "<group>"; };
		1BE9651E1C67BF7800517DAD /* win3.png */ = {isa = PBXFileReference; lastKnownFileType = image.png; path = win3.png; sourceTree = "<group>"; };
		1BE9651F1C67BF7800517DAD /* win4.png */ = {isa = PBXFileReference; lastKnownFileType = image.png; path = win4.png; sourceTree = "<group>"; };
		1BE965201C67BF7800517DAD /* win5.png */ = {isa = PBXFileReference; lastKnownFileType = image.png; path = win5.png; sourceTree = "<group>"; };
/* End PBXFileReference section */

/* Begin PBXFrameworksBuildPhase section */
		1BAB1ED81C60DCA700F450F1 /* Frameworks */ = {
			isa = PBXFrameworksBuildPhase;
			buildActionMask = 2147483647;
			files = (
			);
			runOnlyForDeploymentPostprocessing = 0;
		};
/* End PBXFrameworksBuildPhase section */

/* Begin PBXGroup section */
		1BAB1ED21C60DCA600F450F1 = {
			isa = PBXGroup;
			children = (
				1BAB1EDD1C60DCA800F450F1 /* Tic Tac Toe */,
				1BAB1EDC1C60DCA700F450F1 /* Products */,
			);
			sourceTree = "<group>";
		};
		1BAB1EDC1C60DCA700F450F1 /* Products */ = {
			isa = PBXGroup;
			children = (
				1BAB1EDB1C60DCA700F450F1 /* Tic Tac Toe.app */,
			);
			name = Products;
			sourceTree = "<group>";
		};
		1BAB1EDD1C60DCA800F450F1 /* Tic Tac Toe */ = {
			isa = PBXGroup;
			children = (
				1BE9651B1C67BDCB00517DAD /* win.png */,
				1BE9651D1C67BF7800517DAD /* win 2.png */,
				1BE9651E1C67BF7800517DAD /* win3.png */,
				1BE9651F1C67BF7800517DAD /* win4.png */,
				1BE965201C67BF7800517DAD /* win5.png */,
				1BD3946F1C62D992006AD85F /* cross.png */,
				1BD394701C62D992006AD85F /* nought.png */,
				1BAB1EDE1C60DCA800F450F1 /* AppDelegate.swift */,
				1BAB1EE01C60DCA800F450F1 /* ViewController.swift */,
				1BAB1EE21C60DCA800F450F1 /* Main.storyboard */,
				1BAB1EF01C60DEA000F450F1 /* preedit_grid.jpg */,
				1BAB1EE51C60DCA800F450F1 /* Assets.xcassets */,
				1BAB1EE71C60DCA800F450F1 /* LaunchScreen.storyboard */,
				1BAB1EEA1C60DCA800F450F1 /* Info.plist */,
			);
			path = "Tic Tac Toe";
			sourceTree = "<group>";
		};
/* End PBXGroup section */

/* Begin PBXNativeTarget section */
		1BAB1EDA1C60DCA700F450F1 /* Tic Tac Toe */ = {
			isa = PBXNativeTarget;
			buildConfigurationList = 1BAB1EED1C60DCA800F450F1 /* Build configuration list for PBXNativeTarget "Tic Tac Toe" */;
			buildPhases = (
				1BAB1ED71C60DCA700F450F1 /* Sources */,
				1BAB1ED81C60DCA700F450F1 /* Frameworks */,
				1BAB1ED91C60DCA700F450F1 /* Resources */,
			);
			buildRules = (
			);
			dependencies = (
			);
			name = "Tic Tac Toe";
			productName = "Tic Tac Toe";
			productReference = 1BAB1EDB1C60DCA700F450F1 /* Tic Tac Toe.app */;
			productType = "com.apple.product-type.application";
		};
/* End PBXNativeTarget section */

/* Begin PBXProject section */
		1BAB1ED31C60DCA700F450F1 /* Project object */ = {
			isa = PBXProject;
			attributes = {
				LastSwiftUpdateCheck = 0720;
				LastUpgradeCheck = 0720;
				ORGANIZATIONNAME = JustInCode;
				TargetAttributes = {
					1BAB1EDA1C60DCA700F450F1 = {
						CreatedOnToolsVersion = 7.2;
						DevelopmentTeam = DX79ZG48KH;
					};
				};
			};
			buildConfigurationList = 1BAB1ED61C60DCA700F450F1 /* Build configuration list for PBXProject "Tic Tac Toe" */;
			compatibilityVersion = "Xcode 3.2";
			developmentRegion = English;
			hasScannedForEncodings = 0;
			knownRegions = (
				en,
				Base,
			);
			mainGroup = 1BAB1ED21C60DCA600F450F1;
			productRefGroup = 1BAB1EDC1C60DCA700F450F1 /* Products */;
			projectDirPath = "";
			projectRoot = "";
			targets = (
				1BAB1EDA1C60DCA700F450F1 /* Tic Tac Toe */,
			);
		};
/* End PBXProject section */

/* Begin PBXResourcesBuildPhase section */
		1BAB1ED91C60DCA700F450F1 /* Resources */ = {
			isa = PBXResourcesBuildPhase;
			buildActionMask = 2147483647;
			files = (
				1BE965241C67BF7800517DAD /* win5.png in Resources */,
				1BD394711C62D992006AD85F /* cross.png in Resources */,
				1BE965231C67BF7800517DAD /* win4.png in Resources */,
				1BAB1EE91C60DCA800F450F1 /* LaunchScreen.storyboard in Resources */,
				1BE965221C67BF7800517DAD /* win3.png in Resources */,
				1BD394721C62D992006AD85F /* nought.png in Resources */,
				1BE9651C1C67BDCC00517DAD /* win.png in Resources */,
				1BE965211C67BF7800517DAD /* win 2.png in Resources */,
				1BAB1EF11C60DEA000F450F1 /* preedit_grid.jpg in Resources */,
				1BAB1EE61C60DCA800F450F1 /* Assets.xcassets in Resources */,
				1BAB1EE41C60DCA800F450F1 /* Main.storyboard in Resources */,
			);
			runOnlyForDeploymentPostprocessing = 0;
		};
/* End PBXResourcesBuildPhase section */

/* Begin PBXSourcesBuildPhase section */
		1BAB1ED71C60DCA700F450F1 /* Sources */ = {
			isa = PBXSourcesBuildPhase;
			buildActionMask = 2147483647;
			files = (
				1BAB1EE11C60DCA800F450F1 /* ViewController.swift in Sources */,
				1BAB1EDF1C60DCA800F450F1 /* AppDelegate.swift in Sources */,
			);
			runOnlyForDeploymentPostprocessing = 0;
		};
/* End PBXSourcesBuildPhase section */

/* Begin PBXVariantGroup section */
		1BAB1EE21C60DCA800F450F1 /* Main.storyboard */ = {
			isa = PBXVariantGroup;
			children = (
				1BAB1EE31C60DCA800F450F1 /* Base */,
			);
			name = Main.storyboard;
			sourceTree = "<group>";
		};
		1BAB1EE71C60DCA800F450F1 /* LaunchScreen.storyboard */ = {
			isa = PBXVariantGroup;
			children = (
				1BAB1EE81C60DCA800F450F1 /* Base */,
			);
			name = LaunchScreen.storyboard;
			sourceTree = "<group>";
		};
/* End PBXVariantGroup section */

/* Begin XCBuildConfiguration section */
		1BAB1EEB1C60DCA800F450F1 /* Debug */ = {
			isa = XCBuildConfiguration;
			buildSettings = {
				ALWAYS_SEARCH_USER_PATHS = NO;
				CLANG_CXX_LANGUAGE_STANDARD = "gnu++0x";
				CLANG_CXX_LIBRARY = "libc++";
				CLANG_ENABLE_MODULES = YES;
				CLANG_ENABLE_OBJC_ARC = YES;
				CLANG_WARN_BOOL_CONVERSION = YES;
				CLANG_WARN_CONSTANT_CONVERSION = YES;
				CLANG_WARN_DIRECT_OBJC_ISA_USAGE = YES_ERROR;
				CLANG_WARN_EMPTY_BODY = YES;
				CLANG_WARN_ENUM_CONVERSION = YES;
				CLANG_WARN_INT_CONVERSION = YES;
				CLANG_WARN_OBJC_ROOT_CLASS = YES_ERROR;
				CLANG_WARN_UNREACHABLE_CODE = YES;
				CLANG_WARN__DUPLICATE_METHOD_MATCH = YES;
				"CODE_SIGN_IDENTITY[sdk=iphoneos*]" = "iPhone Developer";
				COPY_PHASE_STRIP = NO;
				DEBUG_INFORMATION_FORMAT = dwarf;
				ENABLE_STRICT_OBJC_MSGSEND = YES;
				ENABLE_TESTABILITY = YES;
				GCC_C_LANGUAGE_STANDARD = gnu99;
				GCC_DYNAMIC_NO_PIC = NO;
				GCC_NO_COMMON_BLOCKS = YES;
				GCC_OPTIMIZATION_LEVEL = 0;
				GCC_PREPROCESSOR_DEFINITIONS = (
					"DEBUG=1",
					"$(inherited)",
				);
				GCC_WARN_64_TO_32_BIT_CONVERSION = YES;
				GCC_WARN_ABOUT_RETURN_TYPE = YES_ERROR;
				GCC_WARN_UNDECLARED_SELECTOR = YES;
				GCC_WARN_UNINITIALIZED_AUTOS = YES_AGGRESSIVE;
				GCC_WARN_UNUSED_FUNCTION = YES;
				GCC_WARN_UNUSED_VARIABLE = YES;
				IPHONEOS_DEPLOYMENT_TARGET = 9.2;
				MTL_ENABLE_DEBUG_INFO = YES;
				ONLY_ACTIVE_ARCH = YES;
				SDKROOT = iphoneos;
				SWIFT_OPTIMIZATION_LEVEL = "-Onone";
			};
			name = Debug;
		};
		1BAB1EEC1C60DCA800F450F1 /* Release */ = {
			isa = XCBuildConfiguration;
			buildSettings = {
				ALWAYS_SEARCH_USER_PATHS = NO;
				CLANG_CXX_LANGUAGE_STANDARD = "gnu++0x";
				CLANG_CXX_LIBRARY = "libc++";
				CLANG_ENABLE_MODULES = YES;
				CLANG_ENABLE_OBJC_ARC = YES;
				CLANG_WARN_BOOL_CONVERSION = YES;
				CLANG_WARN_CONSTANT_CONVERSION = YES;
				CLANG_WARN_DIRECT_OBJC_ISA_USAGE = YES_ERROR;
				CLANG_WARN_EMPTY_BODY = YES;
				CLANG_WARN_ENUM_CONVERSION = YES;
				CLANG_WARN_INT_CONVERSION = YES;
				CLANG_WARN_OBJC_ROOT_CLASS = YES_ERROR;
				CLANG_WARN_UNREACHABLE_CODE = YES;
				CLANG_WARN__DUPLICATE_METHOD_MATCH = YES;
				"CODE_SIGN_IDENTITY[sdk=iphoneos*]" = "iPhone Developer";
				COPY_PHASE_STRIP = NO;
				DEBUG_INFORMATION_FORMAT = "dwarf-with-dsym";
				ENABLE_NS_ASSERTIONS = NO;
				ENABLE_STRICT_OBJC_MSGSEND = YES;
				GCC_C_LANGUAGE_STANDARD = gnu99;
				GCC_NO_COMMON_BLOCKS = YES;
				GCC_WARN_64_TO_32_BIT_CONVERSION = YES;
				GCC_WARN_ABOUT_RETURN_TYPE = YES_ERROR;
				GCC_WARN_UNDECLARED_SELECTOR = YES;
				GCC_WARN_UNINITIALIZED_AUTOS = YES_AGGRESSIVE;
				GCC_WARN_UNUSED_FUNCTION = YES;
				GCC_WARN_UNUSED_VARIABLE = YES;
				IPHONEOS_DEPLOYMENT_TARGET = 9.2;
				MTL_ENABLE_DEBUG_INFO = NO;
				SDKROOT = iphoneos;
				VALIDATE_PRODUCT = YES;
			};
			name = Release;
		};
		1BAB1EEE1C60DCA800F450F1 /* Debug */ = {
			isa = XCBuildConfiguration;
			buildSettings = {
				ASSETCATALOG_COMPILER_APPICON_NAME = AppIcon;
				INFOPLIST_FILE = "Tic Tac Toe/Info.plist";
				LD_RUNPATH_SEARCH_PATHS = "$(inherited) @executable_path/Frameworks";
				PRODUCT_BUNDLE_IDENTIFIER = "com.justincode.Tic-Tac-Toe";
				PRODUCT_NAME = "$(TARGET_NAME)";
			};
			name = Debug;
		};
		1BAB1EEF1C60DCA800F450F1 /* Release */ = {
			isa = XCBuildConfiguration;
			buildSettings = {
				ASSETCATALOG_COMPILER_APPICON_NAME = AppIcon;
				INFOPLIST_FILE = "Tic Tac Toe/Info.plist";
				LD_RUNPATH_SEARCH_PATHS = "$(inherited) @executable_path/Frameworks";
				PRODUCT_BUNDLE_IDENTIFIER = "com.justincode.Tic-Tac-Toe";
				PRODUCT_NAME = "$(TARGET_NAME)";
			};
			name = Release;
		};
/* End XCBuildConfiguration section */

/* Begin XCConfigurationList section */
		1BAB1ED61C60DCA700F450F1 /* Build configuration list for PBXProject "Tic Tac Toe" */ = {
			isa = XCConfigurationList;
			buildConfigurations = (
				1BAB1EEB1C60DCA800F450F1 /* Debug */,
				1BAB1EEC1C60DCA800F450F1 /* Release */,
			);
			defaultConfigurationIsVisible = 0;
			defaultConfigurationName = Release;
		};
		1BAB1EED1C60DCA800F450F1 /* Build configuration list for PBXNativeTarget "Tic Tac Toe" */ = {
			isa = XCConfigurationList;
			buildConfigurations = (
				1BAB1EEE1C60DCA800F450F1 /* Debug */,
				1BAB1EEF1C60DCA800F450F1 /* Release */,
			);
			defaultConfigurationIsVisible = 0;
			defaultConfigurationName = Release;
		};
/* End XCConfigurationList section */
	};
	rootObject = 1BAB1ED31C60DCA700F450F1 /* Project object */;
}
